// !$*UTF8*$!
{
	archiveVersion = 1;
	classes = {
	};
	objectVersion = 50;
	objects = {

/* Begin PBXBuildFile section */
		4A814C11265CFEBF002A715E /* AppDelegate.swift in Sources */ = {isa = PBXBuildFile; fileRef = 4A814C10265CFEBF002A715E /* AppDelegate.swift */; };
		4A814C13265CFEBF002A715E /* SceneDelegate.swift in Sources */ = {isa = PBXBuildFile; fileRef = 4A814C12265CFEBF002A715E /* SceneDelegate.swift */; };
		4A814C15265CFEBF002A715E /* ViewController.swift in Sources */ = {isa = PBXBuildFile; fileRef = 4A814C14265CFEBF002A715E /* ViewController.swift */; };
		4A814C18265CFEBF002A715E /* Main.storyboard in Resources */ = {isa = PBXBuildFile; fileRef = 4A814C16265CFEBF002A715E /* Main.storyboard */; };
		4A814C1A265CFEC1002A715E /* Assets.xcassets in Resources */ = {isa = PBXBuildFile; fileRef = 4A814C19265CFEC1002A715E /* Assets.xcassets */; };
		4A814C1D265CFEC1002A715E /* LaunchScreen.storyboard in Resources */ = {isa = PBXBuildFile; fileRef = 4A814C1B265CFEC1002A715E /* LaunchScreen.storyboard */; };
		4A814C28265CFEC1002A715E /* weatherAppTests.swift in Sources */ = {isa = PBXBuildFile; fileRef = 4A814C27265CFEC1002A715E /* weatherAppTests.swift */; };
		4A814C33265CFEC1002A715E /* weatherAppUITests.swift in Sources */ = {isa = PBXBuildFile; fileRef = 4A814C32265CFEC1002A715E /* weatherAppUITests.swift */; };
/* End PBXBuildFile section */

/* Begin PBXContainerItemProxy section */
		4A814C24265CFEC1002A715E /* PBXContainerItemProxy */ = {
			isa = PBXContainerItemProxy;
			containerPortal = 4A814C05265CFEBF002A715E /* Project object */;
			proxyType = 1;
			remoteGlobalIDString = 4A814C0C265CFEBF002A715E;
			remoteInfo = weatherApp;
		};
		4A814C2F265CFEC1002A715E /* PBXContainerItemProxy */ = {
			isa = PBXContainerItemProxy;
			containerPortal = 4A814C05265CFEBF002A715E /* Project object */;
			proxyType = 1;
			remoteGlobalIDString = 4A814C0C265CFEBF002A715E;
			remoteInfo = weatherApp;
		};
/* End PBXContainerItemProxy section */

/* Begin PBXFileReference section */
		4A814C0D265CFEBF002A715E /* weatherApp.app */ = {isa = PBXFileReference; explicitFileType = wrapper.application; includeInIndex = 0; path = weatherApp.app; sourceTree = BUILT_PRODUCTS_DIR; };
		4A814C10265CFEBF002A715E /* AppDelegate.swift */ = {isa = PBXFileReference; lastKnownFileType = sourcecode.swift; path = AppDelegate.swift; sourceTree = "<group>"; };
		4A814C12265CFEBF002A715E /* SceneDelegate.swift */ = {isa = PBXFileReference; lastKnownFileType = sourcecode.swift; path = SceneDelegate.swift; sourceTree = "<group>"; };
		4A814C14265CFEBF002A715E /* ViewController.swift */ = {isa = PBXFileReference; lastKnownFileType = sourcecode.swift; path = ViewController.swift; sourceTree = "<group>"; };
		4A814C17265CFEBF002A715E /* Base */ = {isa = PBXFileReference; lastKnownFileType = file.storyboard; name = Base; path = Base.lproj/Main.storyboard; sourceTree = "<group>"; };
		4A814C19265CFEC1002A715E /* Assets.xcassets */ = {isa = PBXFileReference; lastKnownFileType = folder.assetcatalog; path = Assets.xcassets; sourceTree = "<group>"; };
		4A814C1C265CFEC1002A715E /* Base */ = {isa = PBXFileReference; lastKnownFileType = file.storyboard; name = Base; path = Base.lproj/LaunchScreen.storyboard; sourceTree = "<group>"; };
		4A814C1E265CFEC1002A715E /* Info.plist */ = {isa = PBXFileReference; lastKnownFileType = text.plist.xml; path = Info.plist; sourceTree = "<group>"; };
		4A814C23265CFEC1002A715E /* weatherAppTests.xctest */ = {isa = PBXFileReference; explicitFileType = wrapper.cfbundle; includeInIndex = 0; path = weatherAppTests.xctest; sourceTree = BUILT_PRODUCTS_DIR; };
		4A814C27265CFEC1002A715E /* weatherAppTests.swift */ = {isa = PBXFileReference; lastKnownFileType = sourcecode.swift; path = weatherAppTests.swift; sourceTree = "<group>"; };
		4A814C29265CFEC1002A715E /* Info.plist */ = {isa = PBXFileReference; lastKnownFileType = text.plist.xml; path = Info.plist; sourceTree = "<group>"; };
		4A814C2E265CFEC1002A715E /* weatherAppUITests.xctest */ = {isa = PBXFileReference; explicitFileType = wrapper.cfbundle; includeInIndex = 0; path = weatherAppUITests.xctest; sourceTree = BUILT_PRODUCTS_DIR; };
		4A814C32265CFEC1002A715E /* weatherAppUITests.swift */ = {isa = PBXFileReference; lastKnownFileType = sourcecode.swift; path = weatherAppUITests.swift; sourceTree = "<group>"; };
		4A814C34265CFEC1002A715E /* Info.plist */ = {isa = PBXFileReference; lastKnownFileType = text.plist.xml; path = Info.plist; sourceTree = "<group>"; };
/* End PBXFileReference section */

/* Begin PBXFrameworksBuildPhase section */
		4A814C0A265CFEBF002A715E /* Frameworks */ = {
			isa = PBXFrameworksBuildPhase;
			buildActionMask = 2147483647;
			files = (
			);
			runOnlyForDeploymentPostprocessing = 0;
		};
		4A814C20265CFEC1002A715E /* Frameworks */ = {
			isa = PBXFrameworksBuildPhase;
			buildActionMask = 2147483647;
			files = (
			);
			runOnlyForDeploymentPostprocessing = 0;
		};
		4A814C2B265CFEC1002A715E /* Frameworks */ = {
			isa = PBXFrameworksBuildPhase;
			buildActionMask = 2147483647;
			files = (
			);
			runOnlyForDeploymentPostprocessing = 0;
		};
/* End PBXFrameworksBuildPhase section */

/* Begin PBXGroup section */
		4A814C04265CFEBF002A715E = {
			isa = PBXGroup;
			children = (
				4A814C0F265CFEBF002A715E /* weatherApp */,
				4A814C26265CFEC1002A715E /* weatherAppTests */,
				4A814C31265CFEC1002A715E /* weatherAppUITests */,
				4A814C0E265CFEBF002A715E /* Products */,
			);
			sourceTree = "<group>";
		};
		4A814C0E265CFEBF002A715E /* Products */ = {
			isa = PBXGroup;
			children = (
				4A814C0D265CFEBF002A715E /* weatherApp.app */,
				4A814C23265CFEC1002A715E /* weatherAppTests.xctest */,
				4A814C2E265CFEC1002A715E /* weatherAppUITests.xctest */,
			);
			name = Products;
			sourceTree = "<group>";
		};
		4A814C0F265CFEBF002A715E /* weatherApp */ = {
			isa = PBXGroup;
			children = (
				4A814C10265CFEBF002A715E /* AppDelegate.swift */,
				4A814C12265CFEBF002A715E /* SceneDelegate.swift */,
				4A814C14265CFEBF002A715E /* ViewController.swift */,
				4A814C16265CFEBF002A715E /* Main.storyboard */,
				4A814C19265CFEC1002A715E /* Assets.xcassets */,
				4A814C1B265CFEC1002A715E /* LaunchScreen.storyboard */,
				4A814C1E265CFEC1002A715E /* Info.plist */,
			);
			path = weatherApp;
			sourceTree = "<group>";
		};
		4A814C26265CFEC1002A715E /* weatherAppTests */ = {
			isa = PBXGroup;
			children = (
				4A814C27265CFEC1002A715E /* weatherAppTests.swift */,
				4A814C29265CFEC1002A715E /* Info.plist */,
			);
			path = weatherAppTests;
			sourceTree = "<group>";
		};
		4A814C31265CFEC1002A715E /* weatherAppUITests */ = {
			isa = PBXGroup;
			children = (
				4A814C32265CFEC1002A715E /* weatherAppUITests.swift */,
				4A814C34265CFEC1002A715E /* Info.plist */,
			);
			path = weatherAppUITests;
			sourceTree = "<group>";
		};
/* End PBXGroup section */

/* Begin PBXNativeTarget section */
		4A814C0C265CFEBF002A715E /* weatherApp */ = {
			isa = PBXNativeTarget;
			buildConfigurationList = 4A814C37265CFEC1002A715E /* Build configuration list for PBXNativeTarget "weatherApp" */;
			buildPhases = (
				4A814C09265CFEBF002A715E /* Sources */,
				4A814C0A265CFEBF002A715E /* Frameworks */,
				4A814C0B265CFEBF002A715E /* Resources */,
			);
			buildRules = (
			);
			dependencies = (
			);
			name = weatherApp;
			productName = weatherApp;
			productReference = 4A814C0D265CFEBF002A715E /* weatherApp.app */;
			productType = "com.apple.product-type.application";
		};
		4A814C22265CFEC1002A715E /* weatherAppTests */ = {
			isa = PBXNativeTarget;
			buildConfigurationList = 4A814C3A265CFEC1002A715E /* Build configuration list for PBXNativeTarget "weatherAppTests" */;
			buildPhases = (
				4A814C1F265CFEC1002A715E /* Sources */,
				4A814C20265CFEC1002A715E /* Frameworks */,
				4A814C21265CFEC1002A715E /* Resources */,
			);
			buildRules = (
			);
			dependencies = (
				4A814C25265CFEC1002A715E /* PBXTargetDependency */,
			);
			name = weatherAppTests;
			productName = weatherAppTests;
			productReference = 4A814C23265CFEC1002A715E /* weatherAppTests.xctest */;
			productType = "com.apple.product-type.bundle.unit-test";
		};
		4A814C2D265CFEC1002A715E /* weatherAppUITests */ = {
			isa = PBXNativeTarget;
			buildConfigurationList = 4A814C3D265CFEC1002A715E /* Build configuration list for PBXNativeTarget "weatherAppUITests" */;
			buildPhases = (
				4A814C2A265CFEC1002A715E /* Sources */,
				4A814C2B265CFEC1002A715E /* Frameworks */,
				4A814C2C265CFEC1002A715E /* Resources */,
			);
			buildRules = (
			);
			dependencies = (
				4A814C30265CFEC1002A715E /* PBXTargetDependency */,
			);
			name = weatherAppUITests;
			productName = weatherAppUITests;
			productReference = 4A814C2E265CFEC1002A715E /* weatherAppUITests.xctest */;
			productType = "com.apple.product-type.bundle.ui-testing";
		};
/* End PBXNativeTarget section */

/* Begin PBXProject section */
		4A814C05265CFEBF002A715E /* Project object */ = {
			isa = PBXProject;
			attributes = {
				LastSwiftUpdateCheck = 1250;
				LastUpgradeCheck = 1250;
				TargetAttributes = {
					4A814C0C265CFEBF002A715E = {
						CreatedOnToolsVersion = 12.5;
					};
					4A814C22265CFEC1002A715E = {
						CreatedOnToolsVersion = 12.5;
						TestTargetID = 4A814C0C265CFEBF002A715E;
					};
					4A814C2D265CFEC1002A715E = {
						CreatedOnToolsVersion = 12.5;
						TestTargetID = 4A814C0C265CFEBF002A715E;
					};
				};
			};
			buildConfigurationList = 4A814C08265CFEBF002A715E /* Build configuration list for PBXProject "weatherApp" */;
			compatibilityVersion = "Xcode 9.3";
			developmentRegion = en;
			hasScannedForEncodings = 0;
			knownRegions = (
				en,
				Base,
			);
			mainGroup = 4A814C04265CFEBF002A715E;
			productRefGroup = 4A814C0E265CFEBF002A715E /* Products */;
			projectDirPath = "";
			projectRoot = "";
			targets = (
				4A814C0C265CFEBF002A715E /* weatherApp */,
				4A814C22265CFEC1002A715E /* weatherAppTests */,
				4A814C2D265CFEC1002A715E /* weatherAppUITests */,
			);
		};
/* End PBXProject section */

/* Begin PBXResourcesBuildPhase section */
		4A814C0B265CFEBF002A715E /* Resources */ = {
			isa = PBXResourcesBuildPhase;
			buildActionMask = 2147483647;
			files = (
				4A814C1D265CFEC1002A715E /* LaunchScreen.storyboard in Resources */,
				4A814C1A265CFEC1002A715E /* Assets.xcassets in Resources */,
				4A814C18265CFEBF002A715E /* Main.storyboard in Resources */,
			);
			runOnlyForDeploymentPostprocessing = 0;
		};
		4A814C21265CFEC1002A715E /* Resources */ = {
			isa = PBXResourcesBuildPhase;
			buildActionMask = 2147483647;
			files = (
			);
			runOnlyForDeploymentPostprocessing = 0;
		};
		4A814C2C265CFEC1002A715E /* Resources */ = {
			isa = PBXResourcesBuildPhase;
			buildActionMask = 2147483647;
			files = (
			);
			runOnlyForDeploymentPostprocessing = 0;
		};
/* End PBXResourcesBuildPhase section */

/* Begin PBXSourcesBuildPhase section */
		4A814C09265CFEBF002A715E /* Sources */ = {
			isa = PBXSourcesBuildPhase;
			buildActionMask = 2147483647;
			files = (
				4A814C15265CFEBF002A715E /* ViewController.swift in Sources */,
				4A814C11265CFEBF002A715E /* AppDelegate.swift in Sources */,
				4A814C13265CFEBF002A715E /* SceneDelegate.swift in Sources */,
			);
			runOnlyForDeploymentPostprocessing = 0;
		};
		4A814C1F265CFEC1002A715E /* Sources */ = {
			isa = PBXSourcesBuildPhase;
			buildActionMask = 2147483647;
			files = (
				4A814C28265CFEC1002A715E /* weatherAppTests.swift in Sources */,
			);
			runOnlyForDeploymentPostprocessing = 0;
		};
		4A814C2A265CFEC1002A715E /* Sources */ = {
			isa = PBXSourcesBuildPhase;
			buildActionMask = 2147483647;
			files = (
				4A814C33265CFEC1002A715E /* weatherAppUITests.swift in Sources */,
			);
			runOnlyForDeploymentPostprocessing = 0;
		};
/* End PBXSourcesBuildPhase section */

/* Begin PBXTargetDependency section */
		4A814C25265CFEC1002A715E /* PBXTargetDependency */ = {
			isa = PBXTargetDependency;
			target = 4A814C0C265CFEBF002A715E /* weatherApp */;
			targetProxy = 4A814C24265CFEC1002A715E /* PBXContainerItemProxy */;
		};
		4A814C30265CFEC1002A715E /* PBXTargetDependency */ = {
			isa = PBXTargetDependency;
			target = 4A814C0C265CFEBF002A715E /* weatherApp */;
			targetProxy = 4A814C2F265CFEC1002A715E /* PBXContainerItemProxy */;
		};
/* End PBXTargetDependency section */

/* Begin PBXVariantGroup section */
		4A814C16265CFEBF002A715E /* Main.storyboard */ = {
			isa = PBXVariantGroup;
			children = (
				4A814C17265CFEBF002A715E /* Base */,
			);
			name = Main.storyboard;
			sourceTree = "<group>";
		};
		4A814C1B265CFEC1002A715E /* LaunchScreen.storyboard */ = {
			isa = PBXVariantGroup;
			children = (
				4A814C1C265CFEC1002A715E /* Base */,
			);
			name = LaunchScreen.storyboard;
			sourceTree = "<group>";
		};
/* End PBXVariantGroup section */

/* Begin XCBuildConfiguration section */
		4A814C35265CFEC1002A715E /* Debug */ = {
			isa = XCBuildConfiguration;
			buildSettings = {
				ALWAYS_SEARCH_USER_PATHS = NO;
				CLANG_ANALYZER_NONNULL = YES;
				CLANG_ANALYZER_NUMBER_OBJECT_CONVERSION = YES_AGGRESSIVE;
				CLANG_CXX_LANGUAGE_STANDARD = "gnu++14";
				CLANG_CXX_LIBRARY = "libc++";
				CLANG_ENABLE_MODULES = YES;
				CLANG_ENABLE_OBJC_ARC = YES;
				CLANG_ENABLE_OBJC_WEAK = YES;
				CLANG_WARN_BLOCK_CAPTURE_AUTORELEASING = YES;
				CLANG_WARN_BOOL_CONVERSION = YES;
				CLANG_WARN_COMMA = YES;
				CLANG_WARN_CONSTANT_CONVERSION = YES;
				CLANG_WARN_DEPRECATED_OBJC_IMPLEMENTATIONS = YES;
				CLANG_WARN_DIRECT_OBJC_ISA_USAGE = YES_ERROR;
				CLANG_WARN_DOCUMENTATION_COMMENTS = YES;
				CLANG_WARN_EMPTY_BODY = YES;
				CLANG_WARN_ENUM_CONVERSION = YES;
				CLANG_WARN_INFINITE_RECURSION = YES;
				CLANG_WARN_INT_CONVERSION = YES;
				CLANG_WARN_NON_LITERAL_NULL_CONVERSION = YES;
				CLANG_WARN_OBJC_IMPLICIT_RETAIN_SELF = YES;
				CLANG_WARN_OBJC_LITERAL_CONVERSION = YES;
				CLANG_WARN_OBJC_ROOT_CLASS = YES_ERROR;
				CLANG_WARN_QUOTED_INCLUDE_IN_FRAMEWORK_HEADER = YES;
				CLANG_WARN_RANGE_LOOP_ANALYSIS = YES;
				CLANG_WARN_STRICT_PROTOTYPES = YES;
				CLANG_WARN_SUSPICIOUS_MOVE = YES;
				CLANG_WARN_UNGUARDED_AVAILABILITY = YES_AGGRESSIVE;
				CLANG_WARN_UNREACHABLE_CODE = YES;
				CLANG_WARN__DUPLICATE_METHOD_MATCH = YES;
				COPY_PHASE_STRIP = NO;
				DEBUG_INFORMATION_FORMAT = dwarf;
				ENABLE_STRICT_OBJC_MSGSEND = YES;
				ENABLE_TESTABILITY = YES;
				GCC_C_LANGUAGE_STANDARD = gnu11;
				GCC_DYNAMIC_NO_PIC = NO;
				GCC_NO_COMMON_BLOCKS = YES;
				GCC_OPTIMIZATION_LEVEL = 0;
				GCC_PREPROCESSOR_DEFINITIONS = (
					"DEBUG=1",
					"$(inherited)",
				);
				GCC_WARN_64_TO_32_BIT_CONVERSION = YES;
				GCC_WARN_ABOUT_RETURN_TYPE = YES_ERROR;
				GCC_WARN_UNDECLARED_SELECTOR = YES;
				GCC_WARN_UNINITIALIZED_AUTOS = YES_AGGRESSIVE;
				GCC_WARN_UNUSED_FUNCTION = YES;
				GCC_WARN_UNUSED_VARIABLE = YES;
				IPHONEOS_DEPLOYMENT_TARGET = 14.5;
				MTL_ENABLE_DEBUG_INFO = INCLUDE_SOURCE;
				MTL_FAST_MATH = YES;
				ONLY_ACTIVE_ARCH = YES;
				SDKROOT = iphoneos;
				SWIFT_ACTIVE_COMPILATION_CONDITIONS = DEBUG;
				SWIFT_OPTIMIZATION_LEVEL = "-Onone";
			};
			name = Debug;
		};
		4A814C36265CFEC1002A715E /* Release */ = {
			isa = XCBuildConfiguration;
			buildSettings = {
				ALWAYS_SEARCH_USER_PATHS = NO;
				CLANG_ANALYZER_NONNULL = YES;
				CLANG_ANALYZER_NUMBER_OBJECT_CONVERSION = YES_AGGRESSIVE;
				CLANG_CXX_LANGUAGE_STANDARD = "gnu++14";
				CLANG_CXX_LIBRARY = "libc++";
				CLANG_ENABLE_MODULES = YES;
				CLANG_ENABLE_OBJC_ARC = YES;
				CLANG_ENABLE_OBJC_WEAK = YES;
				CLANG_WARN_BLOCK_CAPTURE_AUTORELEASING = YES;
				CLANG_WARN_BOOL_CONVERSION = YES;
				CLANG_WARN_COMMA = YES;
				CLANG_WARN_CONSTANT_CONVERSION = YES;
				CLANG_WARN_DEPRECATED_OBJC_IMPLEMENTATIONS = YES;
				CLANG_WARN_DIRECT_OBJC_ISA_USAGE = YES_ERROR;
				CLANG_WARN_DOCUMENTATION_COMMENTS = YES;
				CLANG_WARN_EMPTY_BODY = YES;
				CLANG_WARN_ENUM_CONVERSION = YES;
				CLANG_WARN_INFINITE_RECURSION = YES;
				CLANG_WARN_INT_CONVERSION = YES;
				CLANG_WARN_NON_LITERAL_NULL_CONVERSION = YES;
				CLANG_WARN_OBJC_IMPLICIT_RETAIN_SELF = YES;
				CLANG_WARN_OBJC_LITERAL_CONVERSION = YES;
				CLANG_WARN_OBJC_ROOT_CLASS = YES_ERROR;
				CLANG_WARN_QUOTED_INCLUDE_IN_FRAMEWORK_HEADER = YES;
				CLANG_WARN_RANGE_LOOP_ANALYSIS = YES;
				CLANG_WARN_STRICT_PROTOTYPES = YES;
				CLANG_WARN_SUSPICIOUS_MOVE = YES;
				CLANG_WARN_UNGUARDED_AVAILABILITY = YES_AGGRESSIVE;
				CLANG_WARN_UNREACHABLE_CODE = YES;
				CLANG_WARN__DUPLICATE_METHOD_MATCH = YES;
				COPY_PHASE_STRIP = NO;
				DEBUG_INFORMATION_FORMAT = "dwarf-with-dsym";
				ENABLE_NS_ASSERTIONS = NO;
				ENABLE_STRICT_OBJC_MSGSEND = YES;
				GCC_C_LANGUAGE_STANDARD = gnu11;
				GCC_NO_COMMON_BLOCKS = YES;
				GCC_WARN_64_TO_32_BIT_CONVERSION = YES;
				GCC_WARN_ABOUT_RETURN_TYPE = YES_ERROR;
				GCC_WARN_UNDECLARED_SELECTOR = YES;
				GCC_WARN_UNINITIALIZED_AUTOS = YES_AGGRESSIVE;
				GCC_WARN_UNUSED_FUNCTION = YES;
				GCC_WARN_UNUSED_VARIABLE = YES;
				IPHONEOS_DEPLOYMENT_TARGET = 14.5;
				MTL_ENABLE_DEBUG_INFO = NO;
				MTL_FAST_MATH = YES;
				SDKROOT = iphoneos;
				SWIFT_COMPILATION_MODE = wholemodule;
				SWIFT_OPTIMIZATION_LEVEL = "-O";
				VALIDATE_PRODUCT = YES;
			};
			name = Release;
		};
		4A814C38265CFEC1002A715E /* Debug */ = {
			isa = XCBuildConfiguration;
			buildSettings = {
				ASSETCATALOG_COMPILER_APPICON_NAME = AppIcon;
				ASSETCATALOG_COMPILER_GLOBAL_ACCENT_COLOR_NAME = AccentColor;
				CODE_SIGN_STYLE = Automatic;
				DEVELOPMENT_TEAM = 9A75N45BMV;
				INFOPLIST_FILE = weatherApp/Info.plist;
				LD_RUNPATH_SEARCH_PATHS = (
					"$(inherited)",
					"@executable_path/Frameworks",
				);
				PRODUCT_BUNDLE_IDENTIFIER = com.yutaroOkada.weatherApp;
				PRODUCT_NAME = "$(TARGET_NAME)";
				SWIFT_VERSION = 5.0;
				TARGETED_DEVICE_FAMILY = "1,2";
			};
			name = Debug;
		};
		4A814C39265CFEC1002A715E /* Release */ = {
			isa = XCBuildConfiguration;
			buildSettings = {
				ASSETCATALOG_COMPILER_APPICON_NAME = AppIcon;
				ASSETCATALOG_COMPILER_GLOBAL_ACCENT_COLOR_NAME = AccentColor;
				CODE_SIGN_STYLE = Automatic;
				DEVELOPMENT_TEAM = 9A75N45BMV;
				INFOPLIST_FILE = weatherApp/Info.plist;
				LD_RUNPATH_SEARCH_PATHS = (
					"$(inherited)",
					"@executable_path/Frameworks",
				);
				PRODUCT_BUNDLE_IDENTIFIER = com.yutaroOkada.weatherApp;
				PRODUCT_NAME = "$(TARGET_NAME)";
				SWIFT_VERSION = 5.0;
				TARGETED_DEVICE_FAMILY = "1,2";
			};
			name = Release;
		};
		4A814C3B265CFEC1002A715E /* Debug */ = {
			isa = XCBuildConfiguration;
			buildSettings = {
				ALWAYS_EMBED_SWIFT_STANDARD_LIBRARIES = YES;
				BUNDLE_LOADER = "$(TEST_HOST)";
				CODE_SIGN_STYLE = Automatic;
				DEVELOPMENT_TEAM = 9A75N45BMV;
				INFOPLIST_FILE = weatherAppTests/Info.plist;
				IPHONEOS_DEPLOYMENT_TARGET = 14.5;
				LD_RUNPATH_SEARCH_PATHS = (
					"$(inherited)",
					"@executable_path/Frameworks",
					"@loader_path/Frameworks",
				);
				PRODUCT_BUNDLE_IDENTIFIER = com.yutaroOkada.weatherAppTests;
				PRODUCT_NAME = "$(TARGET_NAME)";
				SWIFT_VERSION = 5.0;
				TARGETED_DEVICE_FAMILY = "1,2";
				TEST_HOST = "$(BUILT_PRODUCTS_DIR)/weatherApp.app/weatherApp";
			};
			name = Debug;
		};
		4A814C3C265CFEC1002A715E /* Release */ = {
			isa = XCBuildConfiguration;
			buildSettings = {
				ALWAYS_EMBED_SWIFT_STANDARD_LIBRARIES = YES;
				BUNDLE_LOADER = "$(TEST_HOST)";
				CODE_SIGN_STYLE = Automatic;
				DEVELOPMENT_TEAM = 9A75N45BMV;
				INFOPLIST_FILE = weatherAppTests/Info.plist;
				IPHONEOS_DEPLOYMENT_TARGET = 14.5;
				LD_RUNPATH_SEARCH_PATHS = (
					"$(inherited)",
					"@executable_path/Frameworks",
					"@loader_path/Frameworks",
				);
				PRODUCT_BUNDLE_IDENTIFIER = com.yutaroOkada.weatherAppTests;
				PRODUCT_NAME = "$(TARGET_NAME)";
				SWIFT_VERSION = 5.0;
				TARGETED_DEVICE_FAMILY = "1,2";
				TEST_HOST = "$(BUILT_PRODUCTS_DIR)/weatherApp.app/weatherApp";
			};
			name = Release;
		};
		4A814C3E265CFEC1002A715E /* Debug */ = {
			isa = XCBuildConfiguration;
			buildSettings = {
				ALWAYS_EMBED_SWIFT_STANDARD_LIBRARIES = YES;
				CODE_SIGN_STYLE = Automatic;
				DEVELOPMENT_TEAM = 9A75N45BMV;
				INFOPLIST_FILE = weatherAppUITests/Info.plist;
				LD_RUNPATH_SEARCH_PATHS = (
					"$(inherited)",
					"@executable_path/Frameworks",
					"@loader_path/Frameworks",
				);
				PRODUCT_BUNDLE_IDENTIFIER = com.yutaroOkada.weatherAppUITests;
				PRODUCT_NAME = "$(TARGET_NAME)";
				SWIFT_VERSION = 5.0;
				TARGETED_DEVICE_FAMILY = "1,2";
				TEST_TARGET_NAME = weatherApp;
			};
			name = Debug;
		};
		4A814C3F265CFEC1002A715E /* Release */ = {
			isa = XCBuildConfiguration;
			buildSettings = {
				ALWAYS_EMBED_SWIFT_STANDARD_LIBRARIES = YES;
				CODE_SIGN_STYLE = Automatic;
				DEVELOPMENT_TEAM = 9A75N45BMV;
				INFOPLIST_FILE = weatherAppUITests/Info.plist;
				LD_RUNPATH_SEARCH_PATHS = (
					"$(inherited)",
					"@executable_path/Frameworks",
					"@loader_path/Frameworks",
				);
				PRODUCT_BUNDLE_IDENTIFIER = com.yutaroOkada.weatherAppUITests;
				PRODUCT_NAME = "$(TARGET_NAME)";
				SWIFT_VERSION = 5.0;
				TARGETED_DEVICE_FAMILY = "1,2";
				TEST_TARGET_NAME = weatherApp;
			};
			name = Release;
		};
/* End XCBuildConfiguration section */

/* Begin XCConfigurationList section */
		4A814C08265CFEBF002A715E /* Build configuration list for PBXProject "weatherApp" */ = {
			isa = XCConfigurationList;
			buildConfigurations = (
				4A814C35265CFEC1002A715E /* Debug */,
				4A814C36265CFEC1002A715E /* Release */,
			);
			defaultConfigurationIsVisible = 0;
			defaultConfigurationName = Release;
		};
		4A814C37265CFEC1002A715E /* Build configuration list for PBXNativeTarget "weatherApp" */ = {
			isa = XCConfigurationList;
			buildConfigurations = (
				4A814C38265CFEC1002A715E /* Debug */,
				4A814C39265CFEC1002A715E /* Release */,
			);
			defaultConfigurationIsVisible = 0;
			defaultConfigurationName = Release;
		};
		4A814C3A265CFEC1002A715E /* Build configuration list for PBXNativeTarget "weatherAppTests" */ = {
			isa = XCConfigurationList;
			buildConfigurations = (
				4A814C3B265CFEC1002A715E /* Debug */,
				4A814C3C265CFEC1002A715E /* Release */,
			);
			defaultConfigurationIsVisible = 0;
			defaultConfigurationName = Release;
		};
		4A814C3D265CFEC1002A715E /* Build configuration list for PBXNativeTarget "weatherAppUITests" */ = {
			isa = XCConfigurationList;
			buildConfigurations = (
				4A814C3E265CFEC1002A715E /* Debug */,
				4A814C3F265CFEC1002A715E /* Release */,
			);
			defaultConfigurationIsVisible = 0;
			defaultConfigurationName = Release;
		};
/* End XCConfigurationList section */
	};
	rootObject = 4A814C05265CFEBF002A715E /* Project object */;
}
